
Microsoft Visual Studio Solution File, Format Version 12.00
Project("{FAE04EC0-301F-11D3-BF4B-00C04F79EFBC}") = "Migrations.Attribution", "migrations\Migrations.Attribution\Migrations.Attribution.csproj", "{E4315E44-B334-4F52-AD35-5F2BA28A37B4}"
EndProject
Project("{2150E333-8FDC-42A3-9474-1A3956D46DE8}") = "migrations", "migrations", "{794BFFB6-C08E-4D1C-A1A3-AB1023FDCCB4}"
EndProject
Project("{2150E333-8FDC-42A3-9474-1A3956D46DE8}") = "src", "src", "{B85C2500-D894-4516-92E2-9335212AF506}"
EndProject
Project("{2150E333-8FDC-42A3-9474-1A3956D46DE8}") = "tests", "tests", "{DA2B81B0-8AB2-42F2-B871-72CA31AE7FCD}"
EndProject
Project("{FAE04EC0-301F-11D3-BF4B-00C04F79EFBC}") = "Attribution.UserActionService", "src\Attribution.UserActionService\Attribution.UserActionService.csproj", "{EB0B1E84-FADF-4F48-9B24-0B28DA21F9DF}"
EndProject
Project("{FAE04EC0-301F-11D3-BF4B-00C04F79EFBC}") = "Attribution.UserActionService.Tests", "tests\Attribution.UserActionService.Tests\Attribution.UserActionService.Tests.csproj", "{43811833-A938-486E-930E-36A4D7E29466}"
EndProject
Project("{FAE04EC0-301F-11D3-BF4B-00C04F79EFBC}") = "Attribution.Dal", "src\Attribution.Dal\Attribution.Dal.csproj", "{CA838C9D-27A7-4F94-BB51-BC042976412A}"
EndProject
Project("{FAE04EC0-301F-11D3-BF4B-00C04F79EFBC}") = "Attribution.Domain", "src\Attribution.Domain\Attribution.Domain.csproj", "{6F999A1B-87D2-4A13-82DC-CD4F5806618E}"
EndProject
Project("{FAE04EC0-301F-11D3-BF4B-00C04F79EFBC}") = "Attribution.Domain.Tests", "tests\Attribution.Domain.Tests\Attribution.Domain.Tests.csproj", "{F24C4996-14BB-4E58-85AB-95865873E8A8}"
EndProject
Project("{FAE04EC0-301F-11D3-BF4B-00C04F79EFBC}") = "Attribution.Api", "src\Attribution.Api\Attribution.Api.csproj", "{0F59342B-5CA5-40D8-9B04-94827425FE10}"
EndProject
Project("{FAE04EC0-301F-11D3-BF4B-00C04F79EFBC}") = "Attribution.Configuration", "src\Attribution.Configuration\Attribution.Configuration.csproj", "{7D72304F-DFAD-47F5-B96D-B08FB25CC8ED}"
EndProject
Project("{2150E333-8FDC-42A3-9474-1A3956D46DE8}") = "Hosts", "Hosts", "{6430BAFB-9D76-4D52-B1D6-5D379277E154}"
EndProject
Project("{2150E333-8FDC-42A3-9474-1A3956D46DE8}") = "deploy", "deploy", "{ED6F08B1-06F4-4539-9BF3-4D7358232E23}"
ProjectSection(SolutionItems) = preProject
	.dockerignore = .dockerignore
	.gitlab-ci.yml = .gitlab-ci.yml
	Dockerfile.api = Dockerfile.api
	README.md = README.md
	Dockerfile.migrations = Dockerfile.migrations
EndProjectSection
EndProject
Project("{2150E333-8FDC-42A3-9474-1A3956D46DE8}") = "IntegrationTests", "IntegrationTests", "{0FA014DA-BC04-417F-A8D7-58DE6C600CA7}"
EndProject
Project("{FAE04EC0-301F-11D3-BF4B-00C04F79EFBC}") = "Attribution.Api.Tests", "tests\Attribution.Api.Tests\Attribution.Api.Tests.csproj", "{D96D8373-A564-4964-9655-A543006222C8}"
EndProject
Project("{FAE04EC0-301F-11D3-BF4B-00C04F79EFBC}") = "EnvironmentInitializer", "tests\EnvironmentInitializer\EnvironmentInitializer.csproj", "{5E471F00-BDA0-4E48-8939-6A3E190C8C56}"
EndProject
Project("{2150E333-8FDC-42A3-9474-1A3956D46DE8}") = "Common", "Common", "{6F6A8AC3-FBA2-413E-AAE8-FDA373B540D5}"
EndProject
Project("{2150E333-8FDC-42A3-9474-1A3956D46DE8}") = "UnitTests", "UnitTests", "{06CB4C1C-D848-44C9-8CA7-FE5E8DD7B269}"
EndProject
Project("{FAE04EC0-301F-11D3-BF4B-00C04F79EFBC}") = "Attribution.TestUtils", "tests\Attribution.TestUtils\Attribution.TestUtils.csproj", "{7D88E1AB-064B-4331-A3E0-0004F4EAAE21}"
EndProject
Global
	GlobalSection(SolutionConfigurationPlatforms) = preSolution
		Debug|Any CPU = Debug|Any CPU
		Release|Any CPU = Release|Any CPU
	EndGlobalSection
	GlobalSection(ProjectConfigurationPlatforms) = postSolution
		{E4315E44-B334-4F52-AD35-5F2BA28A37B4}.Debug|Any CPU.ActiveCfg = Debug|Any CPU
		{E4315E44-B334-4F52-AD35-5F2BA28A37B4}.Debug|Any CPU.Build.0 = Debug|Any CPU
		{E4315E44-B334-4F52-AD35-5F2BA28A37B4}.Release|Any CPU.ActiveCfg = Release|Any CPU
		{E4315E44-B334-4F52-AD35-5F2BA28A37B4}.Release|Any CPU.Build.0 = Release|Any CPU
		{EB0B1E84-FADF-4F48-9B24-0B28DA21F9DF}.Debug|Any CPU.ActiveCfg = Debug|Any CPU
		{EB0B1E84-FADF-4F48-9B24-0B28DA21F9DF}.Debug|Any CPU.Build.0 = Debug|Any CPU
		{EB0B1E84-FADF-4F48-9B24-0B28DA21F9DF}.Release|Any CPU.ActiveCfg = Release|Any CPU
		{EB0B1E84-FADF-4F48-9B24-0B28DA21F9DF}.Release|Any CPU.Build.0 = Release|Any CPU
		{43811833-A938-486E-930E-36A4D7E29466}.Debug|Any CPU.ActiveCfg = Debug|Any CPU
		{43811833-A938-486E-930E-36A4D7E29466}.Debug|Any CPU.Build.0 = Debug|Any CPU
		{43811833-A938-486E-930E-36A4D7E29466}.Release|Any CPU.ActiveCfg = Release|Any CPU
		{43811833-A938-486E-930E-36A4D7E29466}.Release|Any CPU.Build.0 = Release|Any CPU
		{CA838C9D-27A7-4F94-BB51-BC042976412A}.Debug|Any CPU.ActiveCfg = Debug|Any CPU
		{CA838C9D-27A7-4F94-BB51-BC042976412A}.Debug|Any CPU.Build.0 = Debug|Any CPU
		{CA838C9D-27A7-4F94-BB51-BC042976412A}.Release|Any CPU.ActiveCfg = Release|Any CPU
		{CA838C9D-27A7-4F94-BB51-BC042976412A}.Release|Any CPU.Build.0 = Release|Any CPU
		{6F999A1B-87D2-4A13-82DC-CD4F5806618E}.Debug|Any CPU.ActiveCfg = Debug|Any CPU
		{6F999A1B-87D2-4A13-82DC-CD4F5806618E}.Debug|Any CPU.Build.0 = Debug|Any CPU
		{6F999A1B-87D2-4A13-82DC-CD4F5806618E}.Release|Any CPU.ActiveCfg = Release|Any CPU
		{6F999A1B-87D2-4A13-82DC-CD4F5806618E}.Release|Any CPU.Build.0 = Release|Any CPU
		{F24C4996-14BB-4E58-85AB-95865873E8A8}.Debug|Any CPU.ActiveCfg = Debug|Any CPU
		{F24C4996-14BB-4E58-85AB-95865873E8A8}.Debug|Any CPU.Build.0 = Debug|Any CPU
		{F24C4996-14BB-4E58-85AB-95865873E8A8}.Release|Any CPU.ActiveCfg = Release|Any CPU
		{F24C4996-14BB-4E58-85AB-95865873E8A8}.Release|Any CPU.Build.0 = Release|Any CPU
		{0F59342B-5CA5-40D8-9B04-94827425FE10}.Debug|Any CPU.ActiveCfg = Debug|Any CPU
		{0F59342B-5CA5-40D8-9B04-94827425FE10}.Debug|Any CPU.Build.0 = Debug|Any CPU
		{0F59342B-5CA5-40D8-9B04-94827425FE10}.Release|Any CPU.ActiveCfg = Release|Any CPU
		{0F59342B-5CA5-40D8-9B04-94827425FE10}.Release|Any CPU.Build.0 = Release|Any CPU
		{7D72304F-DFAD-47F5-B96D-B08FB25CC8ED}.Debug|Any CPU.ActiveCfg = Debug|Any CPU
		{7D72304F-DFAD-47F5-B96D-B08FB25CC8ED}.Debug|Any CPU.Build.0 = Debug|Any CPU
		{7D72304F-DFAD-47F5-B96D-B08FB25CC8ED}.Release|Any CPU.ActiveCfg = Release|Any CPU
		{7D72304F-DFAD-47F5-B96D-B08FB25CC8ED}.Release|Any CPU.Build.0 = Release|Any CPU
		{D96D8373-A564-4964-9655-A543006222C8}.Debug|Any CPU.ActiveCfg = Debug|Any CPU
		{D96D8373-A564-4964-9655-A543006222C8}.Debug|Any CPU.Build.0 = Debug|Any CPU
		{D96D8373-A564-4964-9655-A543006222C8}.Release|Any CPU.ActiveCfg = Release|Any CPU
		{D96D8373-A564-4964-9655-A543006222C8}.Release|Any CPU.Build.0 = Release|Any CPU
		{5E471F00-BDA0-4E48-8939-6A3E190C8C56}.Debug|Any CPU.ActiveCfg = Debug|Any CPU
		{5E471F00-BDA0-4E48-8939-6A3E190C8C56}.Debug|Any CPU.Build.0 = Debug|Any CPU
		{5E471F00-BDA0-4E48-8939-6A3E190C8C56}.Release|Any CPU.ActiveCfg = Release|Any CPU
		{5E471F00-BDA0-4E48-8939-6A3E190C8C56}.Release|Any CPU.Build.0 = Release|Any CPU
		{7D88E1AB-064B-4331-A3E0-0004F4EAAE21}.Debug|Any CPU.ActiveCfg = Debug|Any CPU
		{7D88E1AB-064B-4331-A3E0-0004F4EAAE21}.Debug|Any CPU.Build.0 = Debug|Any CPU
		{7D88E1AB-064B-4331-A3E0-0004F4EAAE21}.Release|Any CPU.ActiveCfg = Release|Any CPU
		{7D88E1AB-064B-4331-A3E0-0004F4EAAE21}.Release|Any CPU.Build.0 = Release|Any CPU
	EndGlobalSection
	GlobalSection(NestedProjects) = preSolution
		{E4315E44-B334-4F52-AD35-5F2BA28A37B4} = {794BFFB6-C08E-4D1C-A1A3-AB1023FDCCB4}
		{CA838C9D-27A7-4F94-BB51-BC042976412A} = {B85C2500-D894-4516-92E2-9335212AF506}
		{6F999A1B-87D2-4A13-82DC-CD4F5806618E} = {B85C2500-D894-4516-92E2-9335212AF506}
		{7D72304F-DFAD-47F5-B96D-B08FB25CC8ED} = {B85C2500-D894-4516-92E2-9335212AF506}
		{6430BAFB-9D76-4D52-B1D6-5D379277E154} = {B85C2500-D894-4516-92E2-9335212AF506}
		{EB0B1E84-FADF-4F48-9B24-0B28DA21F9DF} = {6430BAFB-9D76-4D52-B1D6-5D379277E154}
		{0F59342B-5CA5-40D8-9B04-94827425FE10} = {6430BAFB-9D76-4D52-B1D6-5D379277E154}
		{0FA014DA-BC04-417F-A8D7-58DE6C600CA7} = {DA2B81B0-8AB2-42F2-B871-72CA31AE7FCD}
		{D96D8373-A564-4964-9655-A543006222C8} = {0FA014DA-BC04-417F-A8D7-58DE6C600CA7}
		{6F6A8AC3-FBA2-413E-AAE8-FDA373B540D5} = {0FA014DA-BC04-417F-A8D7-58DE6C600CA7}
		{5E471F00-BDA0-4E48-8939-6A3E190C8C56} = {6F6A8AC3-FBA2-413E-AAE8-FDA373B540D5}
		{06CB4C1C-D848-44C9-8CA7-FE5E8DD7B269} = {DA2B81B0-8AB2-42F2-B871-72CA31AE7FCD}
		{F24C4996-14BB-4E58-85AB-95865873E8A8} = {06CB4C1C-D848-44C9-8CA7-FE5E8DD7B269}
		{43811833-A938-486E-930E-36A4D7E29466} = {06CB4C1C-D848-44C9-8CA7-FE5E8DD7B269}
		{7D88E1AB-064B-4331-A3E0-0004F4EAAE21} = {DA2B81B0-8AB2-42F2-B871-72CA31AE7FCD}
	EndGlobalSection
EndGlobal
